# This file is generated by running "yarn install" inside your project.
# Manual changes might be lost - proceed with caution!

__metadata:
  version: 6
  cacheKey: 8

"@emotion/is-prop-valid@npm:1.2.2":
  version: 1.2.2
  resolution: "@emotion/is-prop-valid@npm:1.2.2"
  dependencies:
    "@emotion/memoize": ^0.8.1
  checksum: 61f6b128ea62b9f76b47955057d5d86fcbe2a6989d2cd1e583daac592901a950475a37d049b9f7a7c6aa8758a33b408735db759fdedfd1f629df0f85ab60ea25
  languageName: node
  linkType: hard

"@emotion/memoize@npm:^0.8.1":
  version: 0.8.1
  resolution: "@emotion/memoize@npm:0.8.1"
  checksum: a19cc01a29fcc97514948eaab4dc34d8272e934466ed87c07f157887406bc318000c69ae6f813a9001c6a225364df04249842a50e692ef7a9873335fbcc141b0
  languageName: node
  linkType: hard

"@emotion/unitless@npm:0.8.1":
  version: 0.8.1
  resolution: "@emotion/unitless@npm:0.8.1"
  checksum: 385e21d184d27853bb350999471f00e1429fa4e83182f46cd2c164985999d9b46d558dc8b9cc89975cb337831ce50c31ac2f33b15502e85c299892e67e7b4a88
  languageName: node
  linkType: hard

"@next/env@npm:14.2.18":
  version: 14.2.18
  resolution: "@next/env@npm:14.2.18"
  checksum: e6854639716c2d5d91f76292364b7b24f9f12dbf271a2aba8ac5749487f75531f1881af140c4632f986f7aef7997bf7a48b7562c7f9962526977206c1d3d6c1d
  languageName: node
  linkType: hard

"@next/swc-darwin-arm64@npm:14.2.18":
  version: 14.2.18
  resolution: "@next/swc-darwin-arm64@npm:14.2.18"
  conditions: os=darwin & cpu=arm64
  languageName: node
  linkType: hard

"@next/swc-darwin-x64@npm:14.2.18":
  version: 14.2.18
  resolution: "@next/swc-darwin-x64@npm:14.2.18"
  conditions: os=darwin & cpu=x64
  languageName: node
  linkType: hard

"@next/swc-linux-arm64-gnu@npm:14.2.18":
  version: 14.2.18
  resolution: "@next/swc-linux-arm64-gnu@npm:14.2.18"
  conditions: os=linux & cpu=arm64 & libc=glibc
  languageName: node
  linkType: hard

"@next/swc-linux-arm64-musl@npm:14.2.18":
  version: 14.2.18
  resolution: "@next/swc-linux-arm64-musl@npm:14.2.18"
  conditions: os=linux & cpu=arm64 & libc=musl
  languageName: node
  linkType: hard

"@next/swc-linux-x64-gnu@npm:14.2.18":
  version: 14.2.18
  resolution: "@next/swc-linux-x64-gnu@npm:14.2.18"
  conditions: os=linux & cpu=x64 & libc=glibc
  languageName: node
  linkType: hard

"@next/swc-linux-x64-musl@npm:14.2.18":
  version: 14.2.18
  resolution: "@next/swc-linux-x64-musl@npm:14.2.18"
  conditions: os=linux & cpu=x64 & libc=musl
  languageName: node
  linkType: hard

"@next/swc-win32-arm64-msvc@npm:14.2.18":
  version: 14.2.18
  resolution: "@next/swc-win32-arm64-msvc@npm:14.2.18"
  conditions: os=win32 & cpu=arm64
  languageName: node
  linkType: hard

"@next/swc-win32-ia32-msvc@npm:14.2.18":
  version: 14.2.18
  resolution: "@next/swc-win32-ia32-msvc@npm:14.2.18"
  conditions: os=win32 & cpu=ia32
  languageName: node
  linkType: hard

"@next/swc-win32-x64-msvc@npm:14.2.18":
  version: 14.2.18
  resolution: "@next/swc-win32-x64-msvc@npm:14.2.18"
  conditions: os=win32 & cpu=x64
  languageName: node
  linkType: hard

"@swc/counter@npm:^0.1.3":
  version: 0.1.3
  resolution: "@swc/counter@npm:0.1.3"
  checksum: df8f9cfba9904d3d60f511664c70d23bb323b3a0803ec9890f60133954173047ba9bdeabce28cd70ba89ccd3fd6c71c7b0bd58be85f611e1ffbe5d5c18616598
  languageName: node
  linkType: hard

"@swc/helpers@npm:0.5.5":
  version: 0.5.5
  resolution: "@swc/helpers@npm:0.5.5"
  dependencies:
    "@swc/counter": ^0.1.3
    tslib: ^2.4.0
  checksum: d4f207b191e54b29460804ddf2984ba6ece1d679a0b2f6a9c765dcf27bba92c5769e7965668a4546fb9f1021eaf0ff9be4bf5c235ce12adcd65acdfe77187d11
  languageName: node
  linkType: hard

"@types/stylis@npm:4.2.5":
  version: 4.2.5
  resolution: "@types/stylis@npm:4.2.5"
  checksum: 24f91719db5569979e9e2f197e050ef82e1fd72474e8dc45bca38d48ee56481eae0f0d4a7ac172540d7774b45a2a78d901a4c6d07bba77a33dbccff464ea3edf
  languageName: node
  linkType: hard

"az-chain@workspace:.":
  version: 0.0.0-use.local
  resolution: "az-chain@workspace:."
  dependencies:
    next: ^14
    react: ^18
    react-dom: ^18
    styled-components: ^6.1.13
    swiper: ^11.1.15
  languageName: unknown
  linkType: soft

"busboy@npm:1.6.0":
  version: 1.6.0
  resolution: "busboy@npm:1.6.0"
  dependencies:
    streamsearch: ^1.1.0
  checksum: 32801e2c0164e12106bf236291a00795c3c4e4b709ae02132883fe8478ba2ae23743b11c5735a0aae8afe65ac4b6ca4568b91f0d9fed1fdbc32ede824a73746e
  languageName: node
  linkType: hard

"camelize@npm:^1.0.0":
  version: 1.0.1
  resolution: "camelize@npm:1.0.1"
  checksum: 91d8611d09af725e422a23993890d22b2b72b4cabf7239651856950c76b4bf53fe0d0da7c5e4db05180e898e4e647220e78c9fbc976113bd96d603d1fcbfcb99
  languageName: node
  linkType: hard

"caniuse-lite@npm:^1.0.30001579":
  version: 1.0.30001680
  resolution: "caniuse-lite@npm:1.0.30001680"
  checksum: 2641d2b18c5ab0a6663cb350c5adc81e5ede1a7677d1c7518a8053ada87bf6f206419e1820a2608f76fa5e4f7bea327cbe47df423783e571569a88c0ea645270
  languageName: node
  linkType: hard

"client-only@npm:0.0.1":
  version: 0.0.1
  resolution: "client-only@npm:0.0.1"
  checksum: 0c16bf660dadb90610553c1d8946a7fdfb81d624adea073b8440b7d795d5b5b08beb3c950c6a2cf16279365a3265158a236876d92bce16423c485c322d7dfaf8
  languageName: node
  linkType: hard

"css-color-keywords@npm:^1.0.0":
  version: 1.0.0
  resolution: "css-color-keywords@npm:1.0.0"
  checksum: 8f125e3ad477bd03c77b533044bd9e8a6f7c0da52d49bbc0bbe38327b3829d6ba04d368ca49dd9ff3b667d2fc8f1698d891c198bbf8feade1a5501bf5a296408
  languageName: node
  linkType: hard

"css-to-react-native@npm:3.2.0":
  version: 3.2.0
  resolution: "css-to-react-native@npm:3.2.0"
  dependencies:
    camelize: ^1.0.0
    css-color-keywords: ^1.0.0
    postcss-value-parser: ^4.0.2
  checksum: 263be65e805aef02c3f20c064665c998a8c35293e1505dbe6e3054fb186b01a9897ac6cf121f9840e5a9dfe3fb3994f6fcd0af84a865f1df78ba5bf89e77adce
  languageName: node
  linkType: hard

"csstype@npm:3.1.3":
  version: 3.1.3
  resolution: "csstype@npm:3.1.3"
  checksum: 8db785cc92d259102725b3c694ec0c823f5619a84741b5c7991b8ad135dfaa66093038a1cc63e03361a6cd28d122be48f2106ae72334e067dd619a51f49eddf7
  languageName: node
  linkType: hard

"graceful-fs@npm:^4.2.11":
  version: 4.2.11
  resolution: "graceful-fs@npm:4.2.11"
  checksum: ac85f94da92d8eb6b7f5a8b20ce65e43d66761c55ce85ac96df6865308390da45a8d3f0296dd3a663de65d30ba497bd46c696cc1e248c72b13d6d567138a4fc7
  languageName: node
  linkType: hard

"js-tokens@npm:^3.0.0 || ^4.0.0":
  version: 4.0.0
  resolution: "js-tokens@npm:4.0.0"
  checksum: 8a95213a5a77deb6cbe94d86340e8d9ace2b93bc367790b260101d2f36a2eaf4e4e22d9fa9cf459b38af3a32fb4190e638024cf82ec95ef708680e405ea7cc78
  languageName: node
  linkType: hard

"loose-envify@npm:^1.1.0":
  version: 1.4.0
  resolution: "loose-envify@npm:1.4.0"
  dependencies:
    js-tokens: ^3.0.0 || ^4.0.0
  bin:
    loose-envify: cli.js
  checksum: 6517e24e0cad87ec9888f500c5b5947032cdfe6ef65e1c1936a0c48a524b81e65542c9c3edc91c97d5bddc806ee2a985dbc79be89215d613b1de5db6d1cfe6f4
  languageName: node
  linkType: hard

"nanoid@npm:^3.3.6, nanoid@npm:^3.3.7":
  version: 3.3.7
  resolution: "nanoid@npm:3.3.7"
  bin:
    nanoid: bin/nanoid.cjs
  checksum: d36c427e530713e4ac6567d488b489a36582ef89da1d6d4e3b87eded11eb10d7042a877958c6f104929809b2ab0bafa17652b076cdf84324aa75b30b722204f2
  languageName: node
  linkType: hard

"next@npm:^14":
  version: 14.2.18
  resolution: "next@npm:14.2.18"
  dependencies:
    "@next/env": 14.2.18
    "@next/swc-darwin-arm64": 14.2.18
    "@next/swc-darwin-x64": 14.2.18
    "@next/swc-linux-arm64-gnu": 14.2.18
    "@next/swc-linux-arm64-musl": 14.2.18
    "@next/swc-linux-x64-gnu": 14.2.18
    "@next/swc-linux-x64-musl": 14.2.18
    "@next/swc-win32-arm64-msvc": 14.2.18
    "@next/swc-win32-ia32-msvc": 14.2.18
    "@next/swc-win32-x64-msvc": 14.2.18
    "@swc/helpers": 0.5.5
    busboy: 1.6.0
    caniuse-lite: ^1.0.30001579
    graceful-fs: ^4.2.11
    postcss: 8.4.31
    styled-jsx: 5.1.1
  peerDependencies:
    "@opentelemetry/api": ^1.1.0
    "@playwright/test": ^1.41.2
    react: ^18.2.0
    react-dom: ^18.2.0
    sass: ^1.3.0
  dependenciesMeta:
    "@next/swc-darwin-arm64":
      optional: true
    "@next/swc-darwin-x64":
      optional: true
    "@next/swc-linux-arm64-gnu":
      optional: true
    "@next/swc-linux-arm64-musl":
      optional: true
    "@next/swc-linux-x64-gnu":
      optional: true
    "@next/swc-linux-x64-musl":
      optional: true
    "@next/swc-win32-arm64-msvc":
      optional: true
    "@next/swc-win32-ia32-msvc":
      optional: true
    "@next/swc-win32-x64-msvc":
      optional: true
  peerDependenciesMeta:
    "@opentelemetry/api":
      optional: true
    "@playwright/test":
      optional: true
    sass:
      optional: true
  bin:
    next: dist/bin/next
  checksum: fe3cb02bfcce09ab2c23810380e0e47b2c73afc4e9195781525c4ad3302f6ddcc477afd394aeb5aeb0bde211f50b1030a5ef604e07e24d3bfff8c1b1ae840a5a
  languageName: node
  linkType: hard

"picocolors@npm:^1.0.0":
  version: 1.1.1
  resolution: "picocolors@npm:1.1.1"
  checksum: e1cf46bf84886c79055fdfa9dcb3e4711ad259949e3565154b004b260cd356c5d54b31a1437ce9782624bf766272fe6b0154f5f0c744fb7af5d454d2b60db045
  languageName: node
  linkType: hard

"postcss-value-parser@npm:^4.0.2":
  version: 4.2.0
  resolution: "postcss-value-parser@npm:4.2.0"
  checksum: 819ffab0c9d51cf0acbabf8996dffbfafbafa57afc0e4c98db88b67f2094cb44488758f06e5da95d7036f19556a4a732525e84289a425f4f6fd8e412a9d7442f
  languageName: node
  linkType: hard

"postcss@npm:8.4.31":
  version: 8.4.31
  resolution: "postcss@npm:8.4.31"
  dependencies:
    nanoid: ^3.3.6
    picocolors: ^1.0.0
    source-map-js: ^1.0.2
  checksum: 1d8611341b073143ad90486fcdfeab49edd243377b1f51834dc4f6d028e82ce5190e4f11bb2633276864503654fb7cab28e67abdc0fbf9d1f88cad4a0ff0beea
  languageName: node
  linkType: hard

"postcss@npm:8.4.38":
  version: 8.4.38
  resolution: "postcss@npm:8.4.38"
  dependencies:
    nanoid: ^3.3.7
    picocolors: ^1.0.0
    source-map-js: ^1.2.0
  checksum: 649f9e60a763ca4b5a7bbec446a069edf07f057f6d780a5a0070576b841538d1ecf7dd888f2fbfd1f76200e26c969e405aeeae66332e6927dbdc8bdcb90b9451
  languageName: node
  linkType: hard

"react-dom@npm:^18":
  version: 18.3.1
  resolution: "react-dom@npm:18.3.1"
  dependencies:
    loose-envify: ^1.1.0
    scheduler: ^0.23.2
  peerDependencies:
    react: ^18.3.1
  checksum: 298954ecd8f78288dcaece05e88b570014d8f6dce5db6f66e6ee91448debeb59dcd31561dddb354eee47e6c1bb234669459060deb238ed0213497146e555a0b9
  languageName: node
  linkType: hard

"react@npm:^18":
  version: 18.3.1
  resolution: "react@npm:18.3.1"
  dependencies:
    loose-envify: ^1.1.0
  checksum: a27bcfa8ff7c15a1e50244ad0d0c1cb2ad4375eeffefd266a64889beea6f6b64c4966c9b37d14ee32d6c9fcd5aa6ba183b6988167ab4d127d13e7cb5b386a376
  languageName: node
  linkType: hard

"scheduler@npm:^0.23.2":
  version: 0.23.2
  resolution: "scheduler@npm:0.23.2"
  dependencies:
    loose-envify: ^1.1.0
  checksum: 3e82d1f419e240ef6219d794ff29c7ee415fbdc19e038f680a10c067108e06284f1847450a210b29bbaf97b9d8a97ced5f624c31c681248ac84c80d56ad5a2c4
  languageName: node
  linkType: hard

"shallowequal@npm:1.1.0":
  version: 1.1.0
  resolution: "shallowequal@npm:1.1.0"
  checksum: f4c1de0837f106d2dbbfd5d0720a5d059d1c66b42b580965c8f06bb1db684be8783538b684092648c981294bf817869f743a066538771dbecb293df78f765e00
  languageName: node
  linkType: hard

"source-map-js@npm:^1.0.2, source-map-js@npm:^1.2.0":
  version: 1.2.1
  resolution: "source-map-js@npm:1.2.1"
  checksum: 4eb0cd997cdf228bc253bcaff9340afeb706176e64868ecd20efbe6efea931465f43955612346d6b7318789e5265bdc419bc7669c1cebe3db0eb255f57efa76b
  languageName: node
  linkType: hard

"streamsearch@npm:^1.1.0":
  version: 1.1.0
  resolution: "streamsearch@npm:1.1.0"
  checksum: 1cce16cea8405d7a233d32ca5e00a00169cc0e19fbc02aa839959985f267335d435c07f96e5e0edd0eadc6d39c98d5435fb5bbbdefc62c41834eadc5622ad942
  languageName: node
  linkType: hard

"styled-components@npm:^6.1.13":
  version: 6.1.13
  resolution: "styled-components@npm:6.1.13"
  dependencies:
    "@emotion/is-prop-valid": 1.2.2
    "@emotion/unitless": 0.8.1
    "@types/stylis": 4.2.5
    css-to-react-native: 3.2.0
    csstype: 3.1.3
    postcss: 8.4.38
    shallowequal: 1.1.0
    stylis: 4.3.2
    tslib: 2.6.2
  peerDependencies:
    react: ">= 16.8.0"
    react-dom: ">= 16.8.0"
  checksum: cb836c5d4cc8d183f4b70a4a1b1aa13551c57389e9c8fe3286619eef9fc81466fee09c39a1c8b5aa03deb0e466e4d5ee04921f7d9f3b7afe4744e539e6047550
  languageName: node
  linkType: hard

"styled-jsx@npm:5.1.1":
  version: 5.1.1
  resolution: "styled-jsx@npm:5.1.1"
  dependencies:
    client-only: 0.0.1
  peerDependencies:
    react: ">= 16.8.0 || 17.x.x || ^18.0.0-0"
  peerDependenciesMeta:
    "@babel/core":
      optional: true
    babel-plugin-macros:
      optional: true
  checksum: 523a33b38603492547e861b98e29c873939b04e15fbe5ef16132c6f1e15958126647983c7d4675325038b428a5e91183d996e90141b18bdd1bbadf6e2c45b2fa
  languageName: node
  linkType: hard

"stylis@npm:4.3.2":
  version: 4.3.2
  resolution: "stylis@npm:4.3.2"
  checksum: 0faa8a97ff38369f47354376cd9f0def9bf12846da54c28c5987f64aaf67dcb6f00dce88a8632013bfb823b2c4d1d62a44f4ac20363a3505a7ab4e21b70179fc
  languageName: node
  linkType: hard

"swiper@npm:^11.1.15":
  version: 11.1.15
  resolution: "swiper@npm:11.1.15"
  checksum: 2fd6d8ee4cfd27294614f8eec7e15ea440d6fcb40a9ca4c66b6b951931c880507bfceadbf3ea5556ddc18382112f38afec2a8b340a5ef4e4099f07fbdb86dbad
  languageName: node
  linkType: hard

"tslib@npm:2.6.2":
  version: 2.6.2
  resolution: "tslib@npm:2.6.2"
  checksum: 329ea56123005922f39642318e3d1f0f8265d1e7fcb92c633e0809521da75eeaca28d2cf96d7248229deb40e5c19adf408259f4b9640afd20d13aecc1430f3ad
  languageName: node
  linkType: hard

"tslib@npm:^2.4.0":
  version: 2.8.1
  resolution: "tslib@npm:2.8.1"
  checksum: e4aba30e632b8c8902b47587fd13345e2827fa639e7c3121074d5ee0880723282411a8838f830b55100cbe4517672f84a2472667d355b81e8af165a55dc6203a
  languageName: node
  linkType: hard
